
Microsoft Visual Studio Solution File, Format Version 9.00
# Visual Studio 2005
Project("{FAE04EC0-301F-11D3-BF4B-00C04F79EFBC}") = "MiBrProject", "MiBrProject\MiBrProject.csproj", "{5A188760-D152-4AA3-900E-CF0FE3E45B50}"
	ProjectSection(WebsiteProperties) = preProject
		Debug.AspNetCompiler.Debug = "True"
		Release.AspNetCompiler.Debug = "False"
	EndProjectSection
EndProject
Project("{FAE04EC0-301F-11D3-BF4B-00C04F79EFBC}") = "DDCommon", "..\Egout\DDCommon.cs\DDCommon.csproj", "{42739D6A-683C-4C81-8461-26335523AE8E}"
	ProjectSection(WebsiteProperties) = preProject
		Debug.AspNetCompiler.Debug = "True"
		Release.AspNetCompiler.Debug = "False"
	EndProjectSection
EndProject
Project("{FAE04EC0-301F-11D3-BF4B-00C04F79EFBC}") = "GIGWebControlLibrary", "..\Egout\GIGWebControlLibrary\GIGWebControlLibrary.csproj", "{B03264BC-FFAD-4013-B265-7735D683AFC7}"
	ProjectSection(WebsiteProperties) = preProject
		Debug.AspNetCompiler.Debug = "True"
		Release.AspNetCompiler.Debug = "False"
	EndProjectSection
EndProject
Project("{FAE04EC0-301F-11D3-BF4B-00C04F79EFBC}") = "CommonServerSide", "..\UtilityRecruiter\UtilityRecruiter\CommonServerSide\CommonServerSide.csproj", "{4CB084D4-A6BE-4AB6-A1C7-0378FF56DCA3}"
	ProjectSection(WebsiteProperties) = preProject
		Debug.AspNetCompiler.Debug = "True"
		Release.AspNetCompiler.Debug = "False"
	EndProjectSection
EndProject
Project("{FAE04EC0-301F-11D3-BF4B-00C04F79EFBC}") = "CommonClientSide", "..\UtilityRecruiter\UtilityRecruiter\CommonClientSide\CommonClientSide.csproj", "{B933F409-B300-4D16-9A7E-29BCB6828326}"
	ProjectSection(WebsiteProperties) = preProject
		Debug.AspNetCompiler.Debug = "True"
		Release.AspNetCompiler.Debug = "False"
	EndProjectSection
EndProject
Global
	GlobalSection(SourceCodeControl) = preSolution
		SccNumberOfProjects = 6
		SccProjectUniqueName0 = ..\\Egout\\DDCommon.cs\\DDCommon.csproj
		SccProjectName0 = \u0022$/EU.root/EU/Visual\u0020Studio\u00202005/JDProjects/Egout/DDCommon.cs\u0022,\u0020IAAAAAAA
		SccLocalPath0 = ..\\Egout\\DDCommon.cs
		SccProjectUniqueName1 = ..\\Egout\\GIGWebControlLibrary\\GIGWebControlLibrary.csproj
		SccProjectName1 = \u0022$/EU.root/EU/Visual\u0020Studio\u00202005/JDProjects/Egout/GIGWebControlLibrary\u0022,\u0020WAAAAAAA
		SccLocalPath1 = ..\\Egout\\GIGWebControlLibrary
		SccProjectUniqueName2 = ..\\UtilityRecruiter\\UtilityRecruiter\\CommonServerSide\\CommonServerSide.csproj
		SccProjectName2 = \u0022$/EU.root/EU/Visual\u0020Studio\u00202005/JDProjects/UtilityRecruiter/UtilityRecruiter/CommonServerSide\u0022,\u0020NJBAAAAA
		SccLocalPath2 = ..\\UtilityRecruiter\\UtilityRecruiter\\CommonServerSide
		SccProjectUniqueName3 = ..\\UtilityRecruiter\\UtilityRecruiter\\CommonClientSide\\CommonClientSide.csproj
		SccProjectName3 = \u0022$/EU.root/EU/Visual\u0020Studio\u00202005/JDProjects/UtilityRecruiter/UtilityRecruiter/CommonClientSide\u0022,\u0020UIBAAAAA
		SccLocalPath3 = ..\\UtilityRecruiter\\UtilityRecruiter\\CommonClientSide
		SccLocalPath4 = .
		SccProjectUniqueName5 = MiBrProject\\MiBrProject.csproj
		SccLocalPath5 = .
		SccProjectFilePathRelativizedFromConnection5 = MiBrProject\\
	EndGlobalSection
	GlobalSection(SolutionConfigurationPlatforms) = preSolution
		Debug|Any CPU = Debug|Any CPU
		Release|Any CPU = Release|Any CPU
	EndGlobalSection
	GlobalSection(ProjectConfigurationPlatforms) = postSolution
		{5A188760-D152-4AA3-900E-CF0FE3E45B50}.Debug|Any CPU.ActiveCfg = Debug|Any CPU
		{5A188760-D152-4AA3-900E-CF0FE3E45B50}.Debug|Any CPU.Build.0 = Debug|Any CPU
		{5A188760-D152-4AA3-900E-CF0FE3E45B50}.Release|Any CPU.ActiveCfg = Release|Any CPU
		{5A188760-D152-4AA3-900E-CF0FE3E45B50}.Release|Any CPU.Build.0 = Release|Any CPU
		{42739D6A-683C-4C81-8461-26335523AE8E}.Debug|Any CPU.ActiveCfg = Debug|Any CPU
		{42739D6A-683C-4C81-8461-26335523AE8E}.Debug|Any CPU.Build.0 = Debug|Any CPU
		{42739D6A-683C-4C81-8461-26335523AE8E}.Release|Any CPU.ActiveCfg = Release|Any CPU
		{42739D6A-683C-4C81-8461-26335523AE8E}.Release|Any CPU.Build.0 = Release|Any CPU
		{B03264BC-FFAD-4013-B265-7735D683AFC7}.Debug|Any CPU.ActiveCfg = Debug|Any CPU
		{B03264BC-FFAD-4013-B265-7735D683AFC7}.Debug|Any CPU.Build.0 = Debug|Any CPU
		{B03264BC-FFAD-4013-B265-7735D683AFC7}.Release|Any CPU.ActiveCfg = Release|Any CPU
		{B03264BC-FFAD-4013-B265-7735D683AFC7}.Release|Any CPU.Build.0 = Release|Any CPU
		{4CB084D4-A6BE-4AB6-A1C7-0378FF56DCA3}.Debug|Any CPU.ActiveCfg = Debug|Any CPU
		{4CB084D4-A6BE-4AB6-A1C7-0378FF56DCA3}.Debug|Any CPU.Build.0 = Debug|Any CPU
		{4CB084D4-A6BE-4AB6-A1C7-0378FF56DCA3}.Release|Any CPU.ActiveCfg = Release|Any CPU
		{4CB084D4-A6BE-4AB6-A1C7-0378FF56DCA3}.Release|Any CPU.Build.0 = Release|Any CPU
		{B933F409-B300-4D16-9A7E-29BCB6828326}.Debug|Any CPU.ActiveCfg = Debug|Any CPU
		{B933F409-B300-4D16-9A7E-29BCB6828326}.Debug|Any CPU.Build.0 = Debug|Any CPU
		{B933F409-B300-4D16-9A7E-29BCB6828326}.Release|Any CPU.ActiveCfg = Release|Any CPU
		{B933F409-B300-4D16-9A7E-29BCB6828326}.Release|Any CPU.Build.0 = Release|Any CPU
	EndGlobalSection
	GlobalSection(SolutionProperties) = preSolution
		HideSolutionNode = FALSE
	EndGlobalSection
EndGlobal
